{
  "projects": [
    {
      "projectId": "4eBzadHir4BZ57wPgA7u3b",
      "version": "latest",
      "dependencies": {
        "gmeH6XgPaBtkt51HunAo4g": "18.30.0"
      },
      "lang": "js",
      "fileLocks": [
        {
          "assetId": "4eBzadHir4BZ57wPgA7u3b",
          "checksum": "ba03e6365d2cef1fac0219aceeacc529",
          "type": "projectModule"
        },
        {
          "assetId": "4eBzadHir4BZ57wPgA7u3b",
          "checksum": "efa83e9bc413a7cdd9695a5c6af4b6d4",
          "type": "styleTokensProvider"
        },
        {
          "type": "renderModule",
          "assetId": "GhJMU-T7IzVZ",
          "checksum": "05e2efee85dd09f78971c7c2de02668b"
        },
        {
          "type": "cssRules",
          "assetId": "GhJMU-T7IzVZ",
          "checksum": "05e2efee85dd09f78971c7c2de02668b"
        },
        {
          "type": "icon",
          "assetId": "o7rlW8Y_KTEE",
          "checksum": "42ae187a718487e2a5b0f417920062fc"
        },
        {
          "type": "icon",
          "assetId": "xbRmki_yIZ9b",
          "checksum": "0f3bacd8589451d8fde80bc5e2793b3f"
        },
        {
          "type": "icon",
          "assetId": "6iJiX8DtBr4_",
          "checksum": "b0ce3eaafc1dc874e1dce4a4e94ec8dd"
        },
        {
          "type": "renderModule",
          "assetId": "BFEJzRoKSYMy",
          "checksum": "ea90771d845c02d990842588a473c7ba"
        },
        {
          "type": "cssRules",
          "assetId": "BFEJzRoKSYMy",
          "checksum": "ea90771d845c02d990842588a473c7ba"
        },
        {
          "type": "renderModule",
          "assetId": "s6XRa5CpI3-I",
          "checksum": "691fad6d328237a5f83ca797b999235a"
        },
        {
          "type": "cssRules",
          "assetId": "s6XRa5CpI3-I",
          "checksum": "691fad6d328237a5f83ca797b999235a"
        },
        {
          "type": "renderModule",
          "assetId": "C_eYVlTuAL8e",
          "checksum": "9358f0993ed992ee54bf5590dfcbdc4c"
        },
        {
          "type": "cssRules",
          "assetId": "C_eYVlTuAL8e",
          "checksum": "9358f0993ed992ee54bf5590dfcbdc4c"
        },
        {
          "type": "renderModule",
          "assetId": "EC5Yk_peGkor",
          "checksum": "32c0c9b95a0591da11d334d8850380af"
        },
        {
          "type": "cssRules",
          "assetId": "EC5Yk_peGkor",
          "checksum": "32c0c9b95a0591da11d334d8850380af"
        },
        {
          "type": "renderModule",
          "assetId": "_DAVHq7Xw_1V",
          "checksum": "b704b1cab62f491fdf91b23ad8427485"
        },
        {
          "type": "cssRules",
          "assetId": "_DAVHq7Xw_1V",
          "checksum": "b704b1cab62f491fdf91b23ad8427485"
        },
        {
          "type": "renderModule",
          "assetId": "sF9DH9eiwyU9",
          "checksum": "1b8ced0a878f3ef15232092f63f2ebea"
        },
        {
          "type": "cssRules",
          "assetId": "sF9DH9eiwyU9",
          "checksum": "1b8ced0a878f3ef15232092f63f2ebea"
        },
        {
          "type": "icon",
          "assetId": "p40YXt3gmfvG",
          "checksum": "8431761b099e8ffb3c086904eae24469"
        },
        {
          "assetId": "4eBzadHir4BZ57wPgA7u3b",
          "type": "projectCss",
          "checksum": "f13201bc44e81e1a7b946b4cd519e952"
        }
      ],
      "codegenVersion": "0.0.3"
    },
    {
      "projectId": "gmeH6XgPaBtkt51HunAo4g",
      "version": "18.30.0",
      "dependencies": {},
      "lang": "js",
      "fileLocks": [
        {
          "assetId": "gmeH6XgPaBtkt51HunAo4g",
          "type": "projectCss",
          "checksum": "06f5c23ae2592ee7a4f60c445b874bf1"
        },
        {
          "assetId": "gmeH6XgPaBtkt51HunAo4g",
          "checksum": "12432bceef704021122cb8b3d2017760",
          "type": "projectModule"
        },
        {
          "assetId": "gmeH6XgPaBtkt51HunAo4g",
          "checksum": "f29d1fe9090eb3fe0cb986d9553233a6",
          "type": "styleTokensProvider"
        }
      ],
      "codegenVersion": "0.0.3"
    }
  ],
  "cliVersion": "0.1.364"
}
